{
  "name": "NPM2Dependencias",
  "version": "1.0.0",
  "lockfileVersion": 1,
  "requires": true,
  "dependencies": {
    "asciichart": {
      "version": "1.5.21",
      "resolved": "https://registry.npmjs.org/asciichart/-/asciichart-1.5.21.tgz",
      "integrity": "sha512-/BBjjkaCxwEc5zJH9tSYmoJqJVCuwDJJKVZ/SQrSKdqhFbL4NpXPHoWbWqNpk+ydK0QK1+A2UhQxjXCEvLUwJQ=="
    },
    "calendar-dates": {
      "version": "2.6.1",
      "resolved": "https://registry.npmjs.org/calendar-dates/-/calendar-dates-2.6.1.tgz",
      "integrity": "sha512-1l29otE7wn0RyGFXS5P/WgfkufssE/ahjZWgJi3QCHJi+ENfjurMKHcNJGO29wMNWGxD0mTvG8JIuOMPq0cbGg=="
    },
    "readline-sync": {
      "version": "1.4.10",
      "resolved": "https://registry.npmjs.org/readline-sync/-/readline-sync-1.4.10.tgz",
      "integrity": "sha512-gNva8/6UAe8QYepIQH/jQ2qn91Qj0B9sYjMBBs3QOB8F2CXcKgLxQaJRP76sWVRQt+QU+8fAkCbCvjjMFu7Ycw=="
    }
  }
}
